{
  "name": "netflix-clone",
  "version": "1.0.0",
  "description": "This is a [Next.js](https://nextjs.org/) project bootstrapped with [`create-next-app`](https://github.com/vercel/next.js/tree/canary/packages/create-next-app).",
  "main": "next.config.js",
  "scripts": {
    "test": "echo \"Error: no test specified\" && exit 1"
  },
  "repository": {
    "type": "git",
    "url": "git+https://github.com/WaleedChaudhry/Netflix-Clone.git"
  },
  "author": "",
  "license": "ISC",
  "bugs": {
    "url": "https://github.com/WaleedChaudhry/Netflix-Clone/issues"
  },
  "homepage": "https://github.com/WaleedChaudhry/Netflix-Clone#readme"
}
